
Microsoft Visual Studio Solution File, Format Version 12.00
# Visual Studio Version 17
VisualStudioVersion = 17.7.34221.43
MinimumVisualStudioVersion = 10.0.40219.1
Project("{FAE04EC0-301F-11D3-BF4B-00C04F79EFBC}") = "FirstApp", "FirstApp\FirstApp.csproj", "{1C0ACF29-5C5E-464F-9CB8-A90BA14FA667}"
EndProject
Global
	GlobalSection(SolutionConfigurationPlatforms) = preSolution
		Debug|Any CPU = Debug|Any CPU
		Release|Any CPU = Release|Any CPU
	EndGlobalSection
	GlobalSection(ProjectConfigurationPlatforms) = postSolution
		{1C0ACF29-5C5E-464F-9CB8-A90BA14FA667}.Debug|Any CPU.ActiveCfg = Debug|Any CPU
		{1C0ACF29-5C5E-464F-9CB8-A90BA14FA667}.Debug|Any CPU.Build.0 = Debug|Any CPU
		{1C0ACF29-5C5E-464F-9CB8-A90BA14FA667}.Release|Any CPU.ActiveCfg = Release|Any CPU
		{1C0ACF29-5C5E-464F-9CB8-A90BA14FA667}.Release|Any CPU.Build.0 = Release|Any CPU
	EndGlobalSection
	GlobalSection(SolutionProperties) = preSolution
		HideSolutionNode = FALSE
	EndGlobalSection
	GlobalSection(ExtensibilityGlobals) = postSolution
		SolutionGuid = {30C3C405-5B6A-4015-B623-E3350DBB9386}
	EndGlobalSection
EndGlobal
