
Microsoft Visual Studio Solution File, Format Version 12.00
# Visual Studio Version 17
VisualStudioVersion = 17.7.34221.43
MinimumVisualStudioVersion = 10.0.40219.1
Project("{FAE04EC0-301F-11D3-BF4B-00C04F79EFBC}") = "Rhombus", "Rhombus\Rhombus.csproj", "{8B068F1C-57F4-4EAC-AA30-3E227B57CE46}"
EndProject
Global
	GlobalSection(SolutionConfigurationPlatforms) = preSolution
		Debug|Any CPU = Debug|Any CPU
		Release|Any CPU = Release|Any CPU
	EndGlobalSection
	GlobalSection(ProjectConfigurationPlatforms) = postSolution
		{8B068F1C-57F4-4EAC-AA30-3E227B57CE46}.Debug|Any CPU.ActiveCfg = Debug|Any CPU
		{8B068F1C-57F4-4EAC-AA30-3E227B57CE46}.Debug|Any CPU.Build.0 = Debug|Any CPU
		{8B068F1C-57F4-4EAC-AA30-3E227B57CE46}.Release|Any CPU.ActiveCfg = Release|Any CPU
		{8B068F1C-57F4-4EAC-AA30-3E227B57CE46}.Release|Any CPU.Build.0 = Release|Any CPU
	EndGlobalSection
	GlobalSection(SolutionProperties) = preSolution
		HideSolutionNode = FALSE
	EndGlobalSection
	GlobalSection(ExtensibilityGlobals) = postSolution
		SolutionGuid = {779F7706-4387-4A7D-97E1-4E90A88523E9}
	EndGlobalSection
EndGlobal
