
Microsoft Visual Studio Solution File, Format Version 12.00
# Visual Studio Version 17
VisualStudioVersion = 17.7.34221.43
MinimumVisualStudioVersion = 10.0.40219.1
Project("{FAE04EC0-301F-11D3-BF4B-00C04F79EFBC}") = "EconomСlassTrain", "EconomСlassTrain\EconomСlassTrain.csproj", "{2E43AF91-63F9-4E09-91A5-44C99374AF8C}"
EndProject
Global
	GlobalSection(SolutionConfigurationPlatforms) = preSolution
		Debug|Any CPU = Debug|Any CPU
		Release|Any CPU = Release|Any CPU
	EndGlobalSection
	GlobalSection(ProjectConfigurationPlatforms) = postSolution
		{2E43AF91-63F9-4E09-91A5-44C99374AF8C}.Debug|Any CPU.ActiveCfg = Debug|Any CPU
		{2E43AF91-63F9-4E09-91A5-44C99374AF8C}.Debug|Any CPU.Build.0 = Debug|Any CPU
		{2E43AF91-63F9-4E09-91A5-44C99374AF8C}.Release|Any CPU.ActiveCfg = Release|Any CPU
		{2E43AF91-63F9-4E09-91A5-44C99374AF8C}.Release|Any CPU.Build.0 = Release|Any CPU
	EndGlobalSection
	GlobalSection(SolutionProperties) = preSolution
		HideSolutionNode = FALSE
	EndGlobalSection
	GlobalSection(ExtensibilityGlobals) = postSolution
		SolutionGuid = {B244B226-3086-4255-80FD-255FB537A546}
	EndGlobalSection
EndGlobal
