
Microsoft Visual Studio Solution File, Format Version 12.00
# Visual Studio Version 17
VisualStudioVersion = 17.7.34221.43
MinimumVisualStudioVersion = 10.0.40219.1
Project("{FAE04EC0-301F-11D3-BF4B-00C04F79EFBC}") = "VowelOrConsonant", "VowelOrConsonant\VowelOrConsonant.csproj", "{DB3B34F6-07D6-48AC-B405-BAE6A7E20927}"
EndProject
Global
	GlobalSection(SolutionConfigurationPlatforms) = preSolution
		Debug|Any CPU = Debug|Any CPU
		Release|Any CPU = Release|Any CPU
	EndGlobalSection
	GlobalSection(ProjectConfigurationPlatforms) = postSolution
		{DB3B34F6-07D6-48AC-B405-BAE6A7E20927}.Debug|Any CPU.ActiveCfg = Debug|Any CPU
		{DB3B34F6-07D6-48AC-B405-BAE6A7E20927}.Debug|Any CPU.Build.0 = Debug|Any CPU
		{DB3B34F6-07D6-48AC-B405-BAE6A7E20927}.Release|Any CPU.ActiveCfg = Release|Any CPU
		{DB3B34F6-07D6-48AC-B405-BAE6A7E20927}.Release|Any CPU.Build.0 = Release|Any CPU
	EndGlobalSection
	GlobalSection(SolutionProperties) = preSolution
		HideSolutionNode = FALSE
	EndGlobalSection
	GlobalSection(ExtensibilityGlobals) = postSolution
		SolutionGuid = {108618D1-D4D8-4385-9BA2-97DD747EE0A8}
	EndGlobalSection
EndGlobal
