
Microsoft Visual Studio Solution File, Format Version 12.00
# Visual Studio Version 17
VisualStudioVersion = 17.7.34221.43
MinimumVisualStudioVersion = 10.0.40219.1
Project("{FAE04EC0-301F-11D3-BF4B-00C04F79EFBC}") = "Kaleidoscope", "Kaleidoscope\Kaleidoscope.csproj", "{F9897BE5-657A-4EE1-80FE-CCD64BB1A1F9}"
EndProject
Global
	GlobalSection(SolutionConfigurationPlatforms) = preSolution
		Debug|Any CPU = Debug|Any CPU
		Release|Any CPU = Release|Any CPU
	EndGlobalSection
	GlobalSection(ProjectConfigurationPlatforms) = postSolution
		{F9897BE5-657A-4EE1-80FE-CCD64BB1A1F9}.Debug|Any CPU.ActiveCfg = Debug|Any CPU
		{F9897BE5-657A-4EE1-80FE-CCD64BB1A1F9}.Debug|Any CPU.Build.0 = Debug|Any CPU
		{F9897BE5-657A-4EE1-80FE-CCD64BB1A1F9}.Release|Any CPU.ActiveCfg = Release|Any CPU
		{F9897BE5-657A-4EE1-80FE-CCD64BB1A1F9}.Release|Any CPU.Build.0 = Release|Any CPU
	EndGlobalSection
	GlobalSection(SolutionProperties) = preSolution
		HideSolutionNode = FALSE
	EndGlobalSection
	GlobalSection(ExtensibilityGlobals) = postSolution
		SolutionGuid = {439CF57F-0A1B-479E-9596-3F382C02E6CD}
	EndGlobalSection
EndGlobal
