
Microsoft Visual Studio Solution File, Format Version 12.00
# Visual Studio Version 17
VisualStudioVersion = 17.7.34221.43
MinimumVisualStudioVersion = 10.0.40219.1
Project("{FAE04EC0-301F-11D3-BF4B-00C04F79EFBC}") = "DisplayingNumbersOnTheScreen", "DisplayingNumbersOnTheScreen\DisplayingNumbersOnTheScreen.csproj", "{DBCDB726-8AFB-44C1-A5EE-BD1D19B9901B}"
EndProject
Global
	GlobalSection(SolutionConfigurationPlatforms) = preSolution
		Debug|Any CPU = Debug|Any CPU
		Release|Any CPU = Release|Any CPU
	EndGlobalSection
	GlobalSection(ProjectConfigurationPlatforms) = postSolution
		{DBCDB726-8AFB-44C1-A5EE-BD1D19B9901B}.Debug|Any CPU.ActiveCfg = Debug|Any CPU
		{DBCDB726-8AFB-44C1-A5EE-BD1D19B9901B}.Debug|Any CPU.Build.0 = Debug|Any CPU
		{DBCDB726-8AFB-44C1-A5EE-BD1D19B9901B}.Release|Any CPU.ActiveCfg = Release|Any CPU
		{DBCDB726-8AFB-44C1-A5EE-BD1D19B9901B}.Release|Any CPU.Build.0 = Release|Any CPU
	EndGlobalSection
	GlobalSection(SolutionProperties) = preSolution
		HideSolutionNode = FALSE
	EndGlobalSection
	GlobalSection(ExtensibilityGlobals) = postSolution
		SolutionGuid = {0CD6513A-F92F-4428-810D-A8A51A8297B6}
	EndGlobalSection
EndGlobal
