
Microsoft Visual Studio Solution File, Format Version 12.00
# Visual Studio Version 17
VisualStudioVersion = 17.7.34221.43
MinimumVisualStudioVersion = 10.0.40219.1
Project("{FAE04EC0-301F-11D3-BF4B-00C04F79EFBC}") = "PointInATriangle", "PointInATriangle\PointInATriangle.csproj", "{30AA9877-C663-4000-900B-A1348E93131F}"
EndProject
Global
	GlobalSection(SolutionConfigurationPlatforms) = preSolution
		Debug|Any CPU = Debug|Any CPU
		Release|Any CPU = Release|Any CPU
	EndGlobalSection
	GlobalSection(ProjectConfigurationPlatforms) = postSolution
		{30AA9877-C663-4000-900B-A1348E93131F}.Debug|Any CPU.ActiveCfg = Debug|Any CPU
		{30AA9877-C663-4000-900B-A1348E93131F}.Debug|Any CPU.Build.0 = Debug|Any CPU
		{30AA9877-C663-4000-900B-A1348E93131F}.Release|Any CPU.ActiveCfg = Release|Any CPU
		{30AA9877-C663-4000-900B-A1348E93131F}.Release|Any CPU.Build.0 = Release|Any CPU
	EndGlobalSection
	GlobalSection(SolutionProperties) = preSolution
		HideSolutionNode = FALSE
	EndGlobalSection
	GlobalSection(ExtensibilityGlobals) = postSolution
		SolutionGuid = {2D3F1CD8-B910-4B5E-B5F3-18FC0415A325}
	EndGlobalSection
EndGlobal
