
Microsoft Visual Studio Solution File, Format Version 12.00
# Visual Studio Version 17
VisualStudioVersion = 17.7.34221.43
MinimumVisualStudioVersion = 10.0.40219.1
Project("{FAE04EC0-301F-11D3-BF4B-00C04F79EFBC}") = "SectionsInTheConsole", "SectionsInTheConsole\SectionsInTheConsole.csproj", "{2FAE5342-66E1-4E4C-884A-31AE63628D6B}"
EndProject
Global
	GlobalSection(SolutionConfigurationPlatforms) = preSolution
		Debug|Any CPU = Debug|Any CPU
		Release|Any CPU = Release|Any CPU
	EndGlobalSection
	GlobalSection(ProjectConfigurationPlatforms) = postSolution
		{2FAE5342-66E1-4E4C-884A-31AE63628D6B}.Debug|Any CPU.ActiveCfg = Debug|Any CPU
		{2FAE5342-66E1-4E4C-884A-31AE63628D6B}.Debug|Any CPU.Build.0 = Debug|Any CPU
		{2FAE5342-66E1-4E4C-884A-31AE63628D6B}.Release|Any CPU.ActiveCfg = Release|Any CPU
		{2FAE5342-66E1-4E4C-884A-31AE63628D6B}.Release|Any CPU.Build.0 = Release|Any CPU
	EndGlobalSection
	GlobalSection(SolutionProperties) = preSolution
		HideSolutionNode = FALSE
	EndGlobalSection
	GlobalSection(ExtensibilityGlobals) = postSolution
		SolutionGuid = {98CB5060-EF07-417C-B97D-49A60AD0355A}
	EndGlobalSection
EndGlobal
